
Microsoft Visual Studio Solution File, Format Version 12.00
# Visual Studio Version 17
VisualStudioVersion = 17.7.34202.233
MinimumVisualStudioVersion = 10.0.40219.1
Project("{FAE04EC0-301F-11D3-BF4B-00C04F79EFBC}") = "Web-API.VolgaIT", "Web-api\Web-API.VolgaIT.csproj", "{65EA5EF1-9747-46DC-8E68-0FB75FE82D60}"
EndProject
Project("{2150E333-8FDC-42A3-9474-1A3956D46DE8}") = "Web Api", "Web Api", "{0878045B-EA3B-4A78-BC2F-6B1081FED716}"
EndProject
Project("{2150E333-8FDC-42A3-9474-1A3956D46DE8}") = "Domain", "Domain", "{547B6970-2715-4BA5-A683-F70A5E467F2D}"
EndProject
Project("{9A19103F-16F7-4668-BE54-9A1E7A4F7556}") = "Domain.VolgaIT", "Domain.VolgaIT\Domain.VolgaIT.csproj", "{CB57CCE2-EAC6-495B-B696-11D82499B745}"
EndProject
Global
	GlobalSection(SolutionConfigurationPlatforms) = preSolution
		Debug|Any CPU = Debug|Any CPU
		Release|Any CPU = Release|Any CPU
	EndGlobalSection
	GlobalSection(ProjectConfigurationPlatforms) = postSolution
		{65EA5EF1-9747-46DC-8E68-0FB75FE82D60}.Debug|Any CPU.ActiveCfg = Debug|Any CPU
		{65EA5EF1-9747-46DC-8E68-0FB75FE82D60}.Debug|Any CPU.Build.0 = Debug|Any CPU
		{65EA5EF1-9747-46DC-8E68-0FB75FE82D60}.Release|Any CPU.ActiveCfg = Release|Any CPU
		{65EA5EF1-9747-46DC-8E68-0FB75FE82D60}.Release|Any CPU.Build.0 = Release|Any CPU
		{CB57CCE2-EAC6-495B-B696-11D82499B745}.Debug|Any CPU.ActiveCfg = Debug|Any CPU
		{CB57CCE2-EAC6-495B-B696-11D82499B745}.Debug|Any CPU.Build.0 = Debug|Any CPU
		{CB57CCE2-EAC6-495B-B696-11D82499B745}.Release|Any CPU.ActiveCfg = Release|Any CPU
		{CB57CCE2-EAC6-495B-B696-11D82499B745}.Release|Any CPU.Build.0 = Release|Any CPU
	EndGlobalSection
	GlobalSection(SolutionProperties) = preSolution
		HideSolutionNode = FALSE
	EndGlobalSection
	GlobalSection(NestedProjects) = preSolution
		{65EA5EF1-9747-46DC-8E68-0FB75FE82D60} = {0878045B-EA3B-4A78-BC2F-6B1081FED716}
		{CB57CCE2-EAC6-495B-B696-11D82499B745} = {547B6970-2715-4BA5-A683-F70A5E467F2D}
	EndGlobalSection
	GlobalSection(ExtensibilityGlobals) = postSolution
		SolutionGuid = {9282B55C-1986-4142-8C70-427CF0E286AD}
	EndGlobalSection
EndGlobal
