
Microsoft Visual Studio Solution File, Format Version 12.00
# Visual Studio Version 17
VisualStudioVersion = 17.7.34202.233
MinimumVisualStudioVersion = 10.0.40219.1
Project("{9A19103F-16F7-4668-BE54-9A1E7A4F7556}") = "Web-API.VolgaIT", "Web-api\Web-API.VolgaIT.csproj", "{65EA5EF1-9747-46DC-8E68-0FB75FE82D60}"
EndProject
Project("{2150E333-8FDC-42A3-9474-1A3956D46DE8}") = "Web Api", "Web Api", "{0878045B-EA3B-4A78-BC2F-6B1081FED716}"
EndProject
Project("{2150E333-8FDC-42A3-9474-1A3956D46DE8}") = "Domain", "Domain", "{547B6970-2715-4BA5-A683-F70A5E467F2D}"
EndProject
Project("{9A19103F-16F7-4668-BE54-9A1E7A4F7556}") = "Domain.VolgaIT", "Domain.VolgaIT\Domain.VolgaIT.csproj", "{CB57CCE2-EAC6-495B-B696-11D82499B745}"
EndProject
Project("{2150E333-8FDC-42A3-9474-1A3956D46DE8}") = "App", "App", "{02C0243F-5590-40D1-B5ED-1E40B5396A52}"
EndProject
Project("{9A19103F-16F7-4668-BE54-9A1E7A4F7556}") = "App.VolgaIT", "App.VolgaIT\App.VolgaIT.csproj", "{D712C718-1BA7-4D1C-8D49-76E97E94FAC3}"
EndProject
Project("{2150E333-8FDC-42A3-9474-1A3956D46DE8}") = "Infrastructure", "Infrastructure", "{4DDB03D6-6518-4581-84F9-1179375367EE}"
EndProject
Project("{9A19103F-16F7-4668-BE54-9A1E7A4F7556}") = "Infrastructure.VolgaIT", "Infrastructure.VolgaIT\Infrastructure.VolgaIT.csproj", "{D93328A7-FE67-4A51-A177-4D1DC27C8C7E}"
EndProject
Project("{2150E333-8FDC-42A3-9474-1A3956D46DE8}") = "UnitTest", "UnitTest", "{03EF8FC0-10DC-4138-9A2A-F3FF0E9031DF}"
EndProject
Project("{9A19103F-16F7-4668-BE54-9A1E7A4F7556}") = "InfrastructureTest", "InfrastructureTest\InfrastructureTest.csproj", "{3BDEF8AA-77D4-495D-AF21-2BA37AF039C2}"
	ProjectSection(ProjectDependencies) = postProject
		{CB57CCE2-EAC6-495B-B696-11D82499B745} = {CB57CCE2-EAC6-495B-B696-11D82499B745}
		{D93328A7-FE67-4A51-A177-4D1DC27C8C7E} = {D93328A7-FE67-4A51-A177-4D1DC27C8C7E}
	EndProjectSection
EndProject
Project("{2150E333-8FDC-42A3-9474-1A3956D46DE8}") = "Solution Items", "Solution Items", "{329D612F-94FF-401B-BAE0-854CE5CB775D}"
	ProjectSection(SolutionItems) = preProject
		.editorconfig = .editorconfig
	EndProjectSection
EndProject
Global
	GlobalSection(SolutionConfigurationPlatforms) = preSolution
		Debug|Any CPU = Debug|Any CPU
		Release|Any CPU = Release|Any CPU
	EndGlobalSection
	GlobalSection(ProjectConfigurationPlatforms) = postSolution
		{65EA5EF1-9747-46DC-8E68-0FB75FE82D60}.Debug|Any CPU.ActiveCfg = Debug|Any CPU
		{65EA5EF1-9747-46DC-8E68-0FB75FE82D60}.Debug|Any CPU.Build.0 = Debug|Any CPU
		{65EA5EF1-9747-46DC-8E68-0FB75FE82D60}.Release|Any CPU.ActiveCfg = Release|Any CPU
		{65EA5EF1-9747-46DC-8E68-0FB75FE82D60}.Release|Any CPU.Build.0 = Release|Any CPU
		{CB57CCE2-EAC6-495B-B696-11D82499B745}.Debug|Any CPU.ActiveCfg = Debug|Any CPU
		{CB57CCE2-EAC6-495B-B696-11D82499B745}.Debug|Any CPU.Build.0 = Debug|Any CPU
		{CB57CCE2-EAC6-495B-B696-11D82499B745}.Release|Any CPU.ActiveCfg = Release|Any CPU
		{CB57CCE2-EAC6-495B-B696-11D82499B745}.Release|Any CPU.Build.0 = Release|Any CPU
		{D712C718-1BA7-4D1C-8D49-76E97E94FAC3}.Debug|Any CPU.ActiveCfg = Debug|Any CPU
		{D712C718-1BA7-4D1C-8D49-76E97E94FAC3}.Debug|Any CPU.Build.0 = Debug|Any CPU
		{D712C718-1BA7-4D1C-8D49-76E97E94FAC3}.Release|Any CPU.ActiveCfg = Release|Any CPU
		{D712C718-1BA7-4D1C-8D49-76E97E94FAC3}.Release|Any CPU.Build.0 = Release|Any CPU
		{D93328A7-FE67-4A51-A177-4D1DC27C8C7E}.Debug|Any CPU.ActiveCfg = Debug|Any CPU
		{D93328A7-FE67-4A51-A177-4D1DC27C8C7E}.Debug|Any CPU.Build.0 = Debug|Any CPU
		{D93328A7-FE67-4A51-A177-4D1DC27C8C7E}.Release|Any CPU.ActiveCfg = Release|Any CPU
		{D93328A7-FE67-4A51-A177-4D1DC27C8C7E}.Release|Any CPU.Build.0 = Release|Any CPU
		{3BDEF8AA-77D4-495D-AF21-2BA37AF039C2}.Debug|Any CPU.ActiveCfg = Debug|Any CPU
		{3BDEF8AA-77D4-495D-AF21-2BA37AF039C2}.Debug|Any CPU.Build.0 = Debug|Any CPU
		{3BDEF8AA-77D4-495D-AF21-2BA37AF039C2}.Release|Any CPU.ActiveCfg = Release|Any CPU
		{3BDEF8AA-77D4-495D-AF21-2BA37AF039C2}.Release|Any CPU.Build.0 = Release|Any CPU
	EndGlobalSection
	GlobalSection(SolutionProperties) = preSolution
		HideSolutionNode = FALSE
	EndGlobalSection
	GlobalSection(NestedProjects) = preSolution
		{65EA5EF1-9747-46DC-8E68-0FB75FE82D60} = {0878045B-EA3B-4A78-BC2F-6B1081FED716}
		{CB57CCE2-EAC6-495B-B696-11D82499B745} = {547B6970-2715-4BA5-A683-F70A5E467F2D}
		{D712C718-1BA7-4D1C-8D49-76E97E94FAC3} = {02C0243F-5590-40D1-B5ED-1E40B5396A52}
		{D93328A7-FE67-4A51-A177-4D1DC27C8C7E} = {4DDB03D6-6518-4581-84F9-1179375367EE}
		{3BDEF8AA-77D4-495D-AF21-2BA37AF039C2} = {03EF8FC0-10DC-4138-9A2A-F3FF0E9031DF}
	EndGlobalSection
	GlobalSection(ExtensibilityGlobals) = postSolution
		SolutionGuid = {9282B55C-1986-4142-8C70-427CF0E286AD}
	EndGlobalSection
EndGlobal
